
Microsoft Visual Studio Solution File, Format Version 12.00
# Visual Studio Version 16
VisualStudioVersion = 16.0.32630.194
MinimumVisualStudioVersion = 10.0.40219.1
Project("{FAE04EC0-301F-11D3-BF4B-00C04F79EFBC}") = "CQRSDemoAPI", "CQRSDemoAPI\CQRSDemoAPI.csproj", "{F5DBEDFD-C900-4865-88CC-3B15F1796059}"
EndProject
Project("{FAE04EC0-301F-11D3-BF4B-00C04F79EFBC}") = "Core", "Core\Core.csproj", "{E9DAE18D-FF7A-4D60-843E-4D51B0F13F19}"
EndProject
Project("{FAE04EC0-301F-11D3-BF4B-00C04F79EFBC}") = "Domain", "Domain\Domain.csproj", "{FA689CC7-6F0C-4866-A73E-88C9ACA410EC}"
EndProject
Global
	GlobalSection(SolutionConfigurationPlatforms) = preSolution
		Debug|Any CPU = Debug|Any CPU
		Release|Any CPU = Release|Any CPU
	EndGlobalSection
	GlobalSection(ProjectConfigurationPlatforms) = postSolution
		{F5DBEDFD-C900-4865-88CC-3B15F1796059}.Debug|Any CPU.ActiveCfg = Debug|Any CPU
		{F5DBEDFD-C900-4865-88CC-3B15F1796059}.Debug|Any CPU.Build.0 = Debug|Any CPU
		{F5DBEDFD-C900-4865-88CC-3B15F1796059}.Release|Any CPU.ActiveCfg = Release|Any CPU
		{F5DBEDFD-C900-4865-88CC-3B15F1796059}.Release|Any CPU.Build.0 = Release|Any CPU
		{E9DAE18D-FF7A-4D60-843E-4D51B0F13F19}.Debug|Any CPU.ActiveCfg = Debug|Any CPU
		{E9DAE18D-FF7A-4D60-843E-4D51B0F13F19}.Debug|Any CPU.Build.0 = Debug|Any CPU
		{E9DAE18D-FF7A-4D60-843E-4D51B0F13F19}.Release|Any CPU.ActiveCfg = Release|Any CPU
		{E9DAE18D-FF7A-4D60-843E-4D51B0F13F19}.Release|Any CPU.Build.0 = Release|Any CPU
		{FA689CC7-6F0C-4866-A73E-88C9ACA410EC}.Debug|Any CPU.ActiveCfg = Debug|Any CPU
		{FA689CC7-6F0C-4866-A73E-88C9ACA410EC}.Debug|Any CPU.Build.0 = Debug|Any CPU
		{FA689CC7-6F0C-4866-A73E-88C9ACA410EC}.Release|Any CPU.ActiveCfg = Release|Any CPU
		{FA689CC7-6F0C-4866-A73E-88C9ACA410EC}.Release|Any CPU.Build.0 = Release|Any CPU
	EndGlobalSection
	GlobalSection(SolutionProperties) = preSolution
		HideSolutionNode = FALSE
	EndGlobalSection
	GlobalSection(ExtensibilityGlobals) = postSolution
		SolutionGuid = {25063E45-DBB2-4157-8A4A-0466228AC8FD}
	EndGlobalSection
EndGlobal
