
Microsoft Visual Studio Solution File, Format Version 12.00
# Visual Studio Version 16
VisualStudioVersion = 16.0.32630.194
MinimumVisualStudioVersion = 10.0.40219.1
Project("{9A19103F-16F7-4668-BE54-9A1E7A4F7556}") = "ApiGateway", "ApiGateway\ApiGateway.csproj", "{3019E69D-076F-4D61-8AB9-167B16447520}"
EndProject
Project("{9A19103F-16F7-4668-BE54-9A1E7A4F7556}") = "Core", "TodoMicroservice\Core\Core.csproj", "{D440DF8F-7201-496C-98A4-9D89326E9CB6}"
EndProject
Project("{9A19103F-16F7-4668-BE54-9A1E7A4F7556}") = "CQRSDemoAPI", "TodoMicroservice\CQRSDemoAPI\CQRSDemoAPI.csproj", "{E2E9DB4C-C6C0-4C5F-8211-CC87FFF95B60}"
EndProject
Project("{9A19103F-16F7-4668-BE54-9A1E7A4F7556}") = "Domain", "TodoMicroservice\Domain\Domain.csproj", "{FD8F9B28-9DF2-4E80-8A5C-0DC24725F194}"
EndProject
Project("{9A19103F-16F7-4668-BE54-9A1E7A4F7556}") = "Infrastructure", "TodoMicroservice\Infrastructure\Infrastructure.csproj", "{92FA7C4A-ACB1-42A1-9D63-E01636421F2D}"
EndProject
Project("{2150E333-8FDC-42A3-9474-1A3956D46DE8}") = "TodoMicroservice", "TodoMicroservice", "{A6A791E3-AFE5-4216-B15F-2FE44050FC6D}"
EndProject
Global
	GlobalSection(SolutionConfigurationPlatforms) = preSolution
		Debug|Any CPU = Debug|Any CPU
		Release|Any CPU = Release|Any CPU
	EndGlobalSection
	GlobalSection(ProjectConfigurationPlatforms) = postSolution
		{3019E69D-076F-4D61-8AB9-167B16447520}.Debug|Any CPU.ActiveCfg = Debug|Any CPU
		{3019E69D-076F-4D61-8AB9-167B16447520}.Debug|Any CPU.Build.0 = Debug|Any CPU
		{3019E69D-076F-4D61-8AB9-167B16447520}.Release|Any CPU.ActiveCfg = Release|Any CPU
		{3019E69D-076F-4D61-8AB9-167B16447520}.Release|Any CPU.Build.0 = Release|Any CPU
		{D440DF8F-7201-496C-98A4-9D89326E9CB6}.Debug|Any CPU.ActiveCfg = Debug|Any CPU
		{D440DF8F-7201-496C-98A4-9D89326E9CB6}.Debug|Any CPU.Build.0 = Debug|Any CPU
		{D440DF8F-7201-496C-98A4-9D89326E9CB6}.Release|Any CPU.ActiveCfg = Release|Any CPU
		{D440DF8F-7201-496C-98A4-9D89326E9CB6}.Release|Any CPU.Build.0 = Release|Any CPU
		{E2E9DB4C-C6C0-4C5F-8211-CC87FFF95B60}.Debug|Any CPU.ActiveCfg = Debug|Any CPU
		{E2E9DB4C-C6C0-4C5F-8211-CC87FFF95B60}.Debug|Any CPU.Build.0 = Debug|Any CPU
		{E2E9DB4C-C6C0-4C5F-8211-CC87FFF95B60}.Release|Any CPU.ActiveCfg = Release|Any CPU
		{E2E9DB4C-C6C0-4C5F-8211-CC87FFF95B60}.Release|Any CPU.Build.0 = Release|Any CPU
		{FD8F9B28-9DF2-4E80-8A5C-0DC24725F194}.Debug|Any CPU.ActiveCfg = Debug|Any CPU
		{FD8F9B28-9DF2-4E80-8A5C-0DC24725F194}.Debug|Any CPU.Build.0 = Debug|Any CPU
		{FD8F9B28-9DF2-4E80-8A5C-0DC24725F194}.Release|Any CPU.ActiveCfg = Release|Any CPU
		{FD8F9B28-9DF2-4E80-8A5C-0DC24725F194}.Release|Any CPU.Build.0 = Release|Any CPU
		{92FA7C4A-ACB1-42A1-9D63-E01636421F2D}.Debug|Any CPU.ActiveCfg = Debug|Any CPU
		{92FA7C4A-ACB1-42A1-9D63-E01636421F2D}.Debug|Any CPU.Build.0 = Debug|Any CPU
		{92FA7C4A-ACB1-42A1-9D63-E01636421F2D}.Release|Any CPU.ActiveCfg = Release|Any CPU
		{92FA7C4A-ACB1-42A1-9D63-E01636421F2D}.Release|Any CPU.Build.0 = Release|Any CPU
	EndGlobalSection
	GlobalSection(SolutionProperties) = preSolution
		HideSolutionNode = FALSE
	EndGlobalSection
	GlobalSection(NestedProjects) = preSolution
		{D440DF8F-7201-496C-98A4-9D89326E9CB6} = {A6A791E3-AFE5-4216-B15F-2FE44050FC6D}
		{E2E9DB4C-C6C0-4C5F-8211-CC87FFF95B60} = {A6A791E3-AFE5-4216-B15F-2FE44050FC6D}
		{FD8F9B28-9DF2-4E80-8A5C-0DC24725F194} = {A6A791E3-AFE5-4216-B15F-2FE44050FC6D}
		{92FA7C4A-ACB1-42A1-9D63-E01636421F2D} = {A6A791E3-AFE5-4216-B15F-2FE44050FC6D}
	EndGlobalSection
	GlobalSection(ExtensibilityGlobals) = postSolution
		SolutionGuid = {25063E45-DBB2-4157-8A4A-0466228AC8FD}
	EndGlobalSection
EndGlobal
